
Microsoft Visual Studio Solution File, Format Version 12.00
# Visual Studio Version 16
VisualStudioVersion = 16.0.29306.81
MinimumVisualStudioVersion = 10.0.40219.1
Project("{FAE04EC0-301F-11D3-BF4B-00C04F79EFBC}") = "ACM.BL", "ACM.BL\ACM.BL.csproj", "{324C76DF-EE9F-4D47-9616-CF033522A81A}"
EndProject
Project("{2150E333-8FDC-42A3-9474-1A3956D46DE8}") = "Tests", "Tests", "{D41FE426-C02D-4640-83A5-AB400A69815D}"
EndProject
Project("{FAE04EC0-301F-11D3-BF4B-00C04F79EFBC}") = "ACM.BLTest", "Tests\ACM.BLTest\ACM.BLTest.csproj", "{2142B150-8063-4202-97E8-2BAE5621F8FD}"
EndProject
Global
	GlobalSection(SolutionConfigurationPlatforms) = preSolution
		Debug|Any CPU = Debug|Any CPU
		Release|Any CPU = Release|Any CPU
	EndGlobalSection
	GlobalSection(ProjectConfigurationPlatforms) = postSolution
		{324C76DF-EE9F-4D47-9616-CF033522A81A}.Debug|Any CPU.ActiveCfg = Debug|Any CPU
		{324C76DF-EE9F-4D47-9616-CF033522A81A}.Debug|Any CPU.Build.0 = Debug|Any CPU
		{324C76DF-EE9F-4D47-9616-CF033522A81A}.Release|Any CPU.ActiveCfg = Release|Any CPU
		{324C76DF-EE9F-4D47-9616-CF033522A81A}.Release|Any CPU.Build.0 = Release|Any CPU
		{2142B150-8063-4202-97E8-2BAE5621F8FD}.Debug|Any CPU.ActiveCfg = Debug|Any CPU
		{2142B150-8063-4202-97E8-2BAE5621F8FD}.Debug|Any CPU.Build.0 = Debug|Any CPU
		{2142B150-8063-4202-97E8-2BAE5621F8FD}.Release|Any CPU.ActiveCfg = Release|Any CPU
		{2142B150-8063-4202-97E8-2BAE5621F8FD}.Release|Any CPU.Build.0 = Release|Any CPU
	EndGlobalSection
	GlobalSection(SolutionProperties) = preSolution
		HideSolutionNode = FALSE
	EndGlobalSection
	GlobalSection(NestedProjects) = preSolution
		{2142B150-8063-4202-97E8-2BAE5621F8FD} = {D41FE426-C02D-4640-83A5-AB400A69815D}
	EndGlobalSection
	GlobalSection(ExtensibilityGlobals) = postSolution
		SolutionGuid = {A454765F-4BE8-4B78-98E8-D8CB5C911422}
	EndGlobalSection
EndGlobal
